
Microsoft Visual Studio Solution File, Format Version 12.00
# Visual Studio Version 17
VisualStudioVersion = 17.4.33110.190
MinimumVisualStudioVersion = 10.0.40219.1
Project("{FAE04EC0-301F-11D3-BF4B-00C04F79EFBC}") = "EffortReward", "EffortReward\EffortReward.csproj", "{00C061B8-9174-4015-A65B-EAC065A9CABC}"
EndProject
Global
	GlobalSection(SolutionConfigurationPlatforms) = preSolution
		Debug|Any CPU = Debug|Any CPU
		Release|Any CPU = Release|Any CPU
	EndGlobalSection
	GlobalSection(ProjectConfigurationPlatforms) = postSolution
		{00C061B8-9174-4015-A65B-EAC065A9CABC}.Debug|Any CPU.ActiveCfg = Debug|Any CPU
		{00C061B8-9174-4015-A65B-EAC065A9CABC}.Debug|Any CPU.Build.0 = Debug|Any CPU
		{00C061B8-9174-4015-A65B-EAC065A9CABC}.Release|Any CPU.ActiveCfg = Release|Any CPU
		{00C061B8-9174-4015-A65B-EAC065A9CABC}.Release|Any CPU.Build.0 = Release|Any CPU
	EndGlobalSection
	GlobalSection(SolutionProperties) = preSolution
		HideSolutionNode = FALSE
	EndGlobalSection
	GlobalSection(ExtensibilityGlobals) = postSolution
		SolutionGuid = {BA3F1715-EFBA-432D-A54E-B9E3A106E407}
	EndGlobalSection
EndGlobal
